
Microsoft Visual Studio Solution File, Format Version 12.00
# Visual Studio Version 17
VisualStudioVersion = 17.6.33829.357
MinimumVisualStudioVersion = 10.0.40219.1
Project("{888888A0-9F3D-457C-B088-3A5042F75D52}") = "zanserdev", "zanserdev.pyproj", "{88AF4346-FA19-4CAC-8962-2A2C8621B224}"
EndProject
Global
	GlobalSection(SolutionConfigurationPlatforms) = preSolution
		Debug|Any CPU = Debug|Any CPU
		Release|Any CPU = Release|Any CPU
	EndGlobalSection
	GlobalSection(ProjectConfigurationPlatforms) = postSolution
		{88AF4346-FA19-4CAC-8962-2A2C8621B224}.Debug|Any CPU.ActiveCfg = Debug|Any CPU
		{88AF4346-FA19-4CAC-8962-2A2C8621B224}.Debug|Any CPU.Build.0 = Debug|Any CPU
		{88AF4346-FA19-4CAC-8962-2A2C8621B224}.Release|Any CPU.ActiveCfg = Release|Any CPU
		{88AF4346-FA19-4CAC-8962-2A2C8621B224}.Release|Any CPU.Build.0 = Release|Any CPU
	EndGlobalSection
	GlobalSection(SolutionProperties) = preSolution
		HideSolutionNode = FALSE
	EndGlobalSection
	GlobalSection(ExtensibilityGlobals) = postSolution
		SolutionGuid = {FCA13D1C-1A02-4CE2-91AB-AAB3B0A96E29}
	EndGlobalSection
EndGlobal
